# THIS IS AN AUTOGENERATED FILE. DO NOT EDIT THIS FILE DIRECTLY.
# yarn lockfile v1


bootstrap@4.6:
  version "4.6.2"
  resolved "https://registry.yarnpkg.com/bootstrap/-/bootstrap-4.6.2.tgz#8e0cd61611728a5bf65a3a2b8d6ff6c77d5d7479"
  integrity sha512-51Bbp/Uxr9aTuy6ca/8FbFloBUJZLHwnhTcnjIeRn2suQWsWzcuJhGjKDB5eppVte/8oCdOL3VuwxvZDUggwGQ==

cleave.js@^1.6.0:
  version "1.6.0"
  resolved "https://registry.yarnpkg.com/cleave.js/-/cleave.js-1.6.0.tgz#0e4e011943bdd70c67c9dcf4ff800ce710529171"
  integrity sha512-ivqesy3j5hQVG3gywPfwKPbi/7ZSftY/UNp5uphnqjr25yI2CP8FS2ODQPzuLXXnNLi29e2+PgPkkiKUXLs/Nw==

sweetalert2@^11.15.10:
  version "11.15.10"
  resolved "https://registry.yarnpkg.com/sweetalert2/-/sweetalert2-11.15.10.tgz#315ed4d0933bb1b6fbd7d0daf3d160bd3cc78b64"
  integrity sha512-Sjiwcd5mWiz8X0JFkHsso2EPVQHrLCjVv+xR6Ry2LKf4KY6kSi4U5pM0Tgmn1c7SMfkyDqPal2NWqwj6vck8bw==
